{
  "originHash" : "055745cdae2f2d3f24c6607c0cf722a4495edd57cf5606b521cc17b17c65f146",
  "pins" : [
    {
      "identity" : "sparkle",
      "kind" : "remoteSourceControl",
      "location" : "https://github.com/sparkle-project/Sparkle",
      "state" : {
        "revision" : "06beff60e3b609a485290e4d5d2d1e2eedb1e55d",
        "version" : "2.7.3"
      }
    },
    {
      "identity" : "triplea",
      "kind" : "remoteSourceControl",
      "location" : "https://github.com/fsalom/TripleA",
      "state" : {
        "revision" : "351401b8af0decfac7a791c8ca914f6eeb09f6ef",
        "version" : "2.5.1"
      }
    }
  ],
  "version" : 3
}
